
Microsoft Visual Studio Solution File, Format Version 12.00
# Visual Studio 2015
Project("{FAE04EC0-301F-11D3-BF4B-00C04F79EFBC}") = "MkUnity.CSharp", "MkUnity.CSharp.csproj", "{D20B54AD-5BE2-B14C-2B4F-681038537A43}"
EndProject
Project("{FAE04EC0-301F-11D3-BF4B-00C04F79EFBC}") = "MkUnity.CSharp.Editor", "MkUnity.CSharp.Editor.csproj", "{2F9EC569-406E-CB77-6340-F5CC11D30515}"
EndProject
Global
	GlobalSection(SolutionConfigurationPlatforms) = preSolution
		Debug|Any CPU = Debug|Any CPU
		Release|Any CPU = Release|Any CPU
	EndGlobalSection
	GlobalSection(ProjectConfigurationPlatforms) = postSolution
		{D20B54AD-5BE2-B14C-2B4F-681038537A43}.Debug|Any CPU.ActiveCfg = Debug|Any CPU
		{D20B54AD-5BE2-B14C-2B4F-681038537A43}.Debug|Any CPU.Build.0 = Debug|Any CPU
		{D20B54AD-5BE2-B14C-2B4F-681038537A43}.Release|Any CPU.ActiveCfg = Release|Any CPU
		{D20B54AD-5BE2-B14C-2B4F-681038537A43}.Release|Any CPU.Build.0 = Release|Any CPU
		{2F9EC569-406E-CB77-6340-F5CC11D30515}.Debug|Any CPU.ActiveCfg = Debug|Any CPU
		{2F9EC569-406E-CB77-6340-F5CC11D30515}.Debug|Any CPU.Build.0 = Debug|Any CPU
		{2F9EC569-406E-CB77-6340-F5CC11D30515}.Release|Any CPU.ActiveCfg = Release|Any CPU
		{2F9EC569-406E-CB77-6340-F5CC11D30515}.Release|Any CPU.Build.0 = Release|Any CPU
	EndGlobalSection
	GlobalSection(SolutionProperties) = preSolution
		HideSolutionNode = FALSE
	EndGlobalSection
EndGlobal
